<?xml version="1.0" encoding="UTF-8" standalone="yes" ?>
<CodeBlocks_project_file>
	<FileVersion major="1" minor="6" />
	<Project>
		<Option title="Majnswept" />
		<Option pch_mode="2" />
		<Option compiler="clang" />
		<Build>
			<Target title="Debug Windows x64">
				<Option platforms="Windows;" />
				<Option output="bin/DebugWindows/Majnswept" prefix_auto="1" extension_auto="1" />
				<Option object_output="obj/DebugWindows/" />
				<Option type="1" />
				<Option compiler="gcc" />
				<Compiler>
					<Add option="-g" />
					<Add option="-static-libgcc -static-libstdc++" />
					<Add option="-DDEBUG" />
					<Add directory="%SFML64232%/include/" />
				</Compiler>
				<Linker>
					<Add library="sfml-graphics-d" />
					<Add library="sfml-window-d" />
					<Add library="sfml-network-d" />
					<Add library="sfml-system-d" />
					<Add directory="%SFML64232%/lib/" />
				</Linker>
			</Target>
			<Target title="Release Windows x64">
				<Option platforms="Windows;" />
				<Option output="bin/ReleaseWindows/Majnswept" prefix_auto="1" extension_auto="1" />
				<Option object_output="obj/ReleaseWindows/" />
				<Option type="0" />
				<Option compiler="gcc" />
				<Compiler>
					<Add option="-Ofast" />
					<Add directory="%SFML64232%/include/" />
				</Compiler>
				<Linker>
					<Add library="sfml-graphics" />
					<Add library="sfml-window" />
					<Add library="sfml-network" />
					<Add library="sfml-system" />
					<Add directory="%SFML64232%/lib/" />
				</Linker>
			</Target>
			<Target title="Debug OS X x64">
				<Option platforms="Mac;" />
				<Option output="bin/DebugOSX/Majnswept" prefix_auto="1" extension_auto="1" />
				<Option object_output="obj/DebugOSX/" />
				<Option type="1" />
				<Option compiler="clang" />
				<Compiler>
					<Add option="-g" />
					<Add option="-DDEBUG" />
					<Add directory="/SFML/include/" />
				</Compiler>
				<Linker>
					<Add library="sfml-graphics" />
					<Add library="sfml-window" />
					<Add library="sfml-network" />
					<Add library="sfml-system" />
					<Add directory="/SFML/lib/" />
				</Linker>
			</Target>
			<Target title="Release OS X x64">
				<Option platforms="Mac;" />
				<Option output="bin/ReleaseOSX/Majnswept" prefix_auto="1" extension_auto="1" />
				<Option object_output="obj/ReleaseOSX/" />
				<Option type="0" />
				<Option compiler="clang" />
				<Compiler>
					<Add option="-Ofast" />
					<Add directory="/SFML/include/" />
				</Compiler>
				<Linker>
					<Add library="sfml-graphics" />
					<Add library="sfml-window" />
					<Add library="sfml-network" />
					<Add library="sfml-system" />
					<Add directory="/SFML/lib/" />
				</Linker>
			</Target>
			<Target title="Debug Linux x64">
				<Option platforms="Unix;" />
				<Option output="bin/DebugLinux/Majnswept" prefix_auto="1" extension_auto="1" />
				<Option object_output="obj/DebugLinux/" />
				<Option type="1" />
				<Option compiler="gcc" />
				<Compiler>
					<Add option="-g" />
					<Add option="-static-libgcc -static-libstdc++" />
					<Add option="-DDEBUG" />
					<Add directory="/SFML/include/" />
				</Compiler>
				<Linker>
					<Add library="sfml-graphics" />
					<Add library="sfml-window" />
					<Add library="sfml-network" />
					<Add library="sfml-system" />
					<Add directory="/SFML/lib/" />
				</Linker>
			</Target>
			<Target title="Release Linux x64">
				<Option platforms="Unix;" />
				<Option output="bin/ReleaseLinux/Majnswept" prefix_auto="1" extension_auto="1" />
				<Option object_output="obj/ReleaseLinux/" />
				<Option type="0" />
				<Option compiler="gcc" />
				<Compiler>
					<Add option="-Ofast" />
					<Add directory="/SFML/include/" />
				</Compiler>
				<Linker>
					<Add library="sfml-graphics" />
					<Add library="sfml-window" />
					<Add library="sfml-network" />
					<Add library="sfml-system" />
					<Add directory="/SFML/lib/" />
				</Linker>
			</Target>
		</Build>
		<VirtualTargets>
			<Add alias="All" targets="Debug Windows x64;Release Windows x64;Debug OS X x64;Release OS X x64;Debug Linux x64;Release Linux x64;" />
		</VirtualTargets>
		<Compiler>
			<Add option="-std=c++0x" />
			<Add directory="." />
		</Compiler>
		<Unit filename="Assets.h" />
		<Unit filename="Board.cpp" />
		<Unit filename="Board.h" />
		<Unit filename="Util.cpp" />
		<Unit filename="Util.h" />
		<Unit filename="main.cpp" />
		<Extensions>
			<code_completion />
			<envvars />
			<debugger />
		</Extensions>
	</Project>
</CodeBlocks_project_file>
